
Microsoft Visual Studio Solution File, Format Version 12.00
# Visual Studio Version 16
VisualStudioVersion = 16.0.33214.272
MinimumVisualStudioVersion = 10.0.40219.1
Project("{FAE04EC0-301F-11D3-BF4B-00C04F79EFBC}") = "Module.9.Delegates", "Module.9.Delegates\Module.9.Delegates.csproj", "{7E491614-3DD5-4F3E-9BFB-5FFEA30BAF04}"
EndProject
Global
	GlobalSection(SolutionConfigurationPlatforms) = preSolution
		Debug|Any CPU = Debug|Any CPU
		Release|Any CPU = Release|Any CPU
	EndGlobalSection
	GlobalSection(ProjectConfigurationPlatforms) = postSolution
		{7E491614-3DD5-4F3E-9BFB-5FFEA30BAF04}.Debug|Any CPU.ActiveCfg = Debug|Any CPU
		{7E491614-3DD5-4F3E-9BFB-5FFEA30BAF04}.Debug|Any CPU.Build.0 = Debug|Any CPU
		{7E491614-3DD5-4F3E-9BFB-5FFEA30BAF04}.Release|Any CPU.ActiveCfg = Release|Any CPU
		{7E491614-3DD5-4F3E-9BFB-5FFEA30BAF04}.Release|Any CPU.Build.0 = Release|Any CPU
	EndGlobalSection
	GlobalSection(SolutionProperties) = preSolution
		HideSolutionNode = FALSE
	EndGlobalSection
	GlobalSection(ExtensibilityGlobals) = postSolution
		SolutionGuid = {B38E4538-9276-4F5D-8E72-6AF7E8B98B23}
	EndGlobalSection
EndGlobal
